
Microsoft Visual Studio Solution File, Format Version 12.00
# Visual Studio 2012
Project("{FAE04EC0-301F-11D3-BF4B-00C04F79EFBC}") = "OpenTok.Bindings", "OpenTok.Bindings\OpenTok.Bindings.csproj", "{8B8D0530-EF78-43A8-85DF-3C98D17CFF81}"
EndProject
Project("{FAE04EC0-301F-11D3-BF4B-00C04F79EFBC}") = "OpenTok.Sample", "OpenTok.Sample\OpenTok.Sample.csproj", "{822D9B8D-5CF2-4E72-B188-DD2DE8D6DF06}"
EndProject
Global
	GlobalSection(SolutionConfigurationPlatforms) = preSolution
		Debug|Any CPU = Debug|Any CPU
		Release|Any CPU = Release|Any CPU
	EndGlobalSection
	GlobalSection(ProjectConfigurationPlatforms) = postSolution
		{822D9B8D-5CF2-4E72-B188-DD2DE8D6DF06}.Debug|Any CPU.ActiveCfg = Debug|Any CPU
		{822D9B8D-5CF2-4E72-B188-DD2DE8D6DF06}.Debug|Any CPU.Build.0 = Debug|Any CPU
		{822D9B8D-5CF2-4E72-B188-DD2DE8D6DF06}.Release|Any CPU.ActiveCfg = Release|Any CPU
		{822D9B8D-5CF2-4E72-B188-DD2DE8D6DF06}.Release|Any CPU.Build.0 = Release|Any CPU
		{8B8D0530-EF78-43A8-85DF-3C98D17CFF81}.Debug|Any CPU.ActiveCfg = Debug|Any CPU
		{8B8D0530-EF78-43A8-85DF-3C98D17CFF81}.Debug|Any CPU.Build.0 = Debug|Any CPU
		{8B8D0530-EF78-43A8-85DF-3C98D17CFF81}.Release|Any CPU.ActiveCfg = Release|Any CPU
		{8B8D0530-EF78-43A8-85DF-3C98D17CFF81}.Release|Any CPU.Build.0 = Release|Any CPU
	EndGlobalSection
	GlobalSection(MonoDevelopProperties) = preSolution
		StartupItem = OpenTok.Sample\OpenTok.Sample.csproj
	EndGlobalSection
EndGlobal
